
Microsoft Visual Studio Solution File, Format Version 12.00
# Visual Studio 15
VisualStudioVersion = 15.0.28307.539
MinimumVisualStudioVersion = 10.0.40219.1
Project("{FAE04EC0-301F-11D3-BF4B-00C04F79EFBC}") = "Readinizer.Frontend", "Readinizer.Frontend\Readinizer.Frontend.csproj", "{7577781A-BA20-4485-83BF-511A753068D1}"
EndProject
Project("{FAE04EC0-301F-11D3-BF4B-00C04F79EFBC}") = "Readinizer.Backend.DataAccess", "Readinizer.Backend.DataAccess\Readinizer.Backend.DataAccess.csproj", "{51ECE65B-5658-4422-8514-E8BE27D0BD95}"
EndProject
Project("{FAE04EC0-301F-11D3-BF4B-00C04F79EFBC}") = "Readinizer.Backend.Business", "Readinizer.Backend.Business\Readinizer.Backend.Business.csproj", "{EF106843-F162-460A-B2DA-8E8D6366CB49}"
EndProject
Project("{FAE04EC0-301F-11D3-BF4B-00C04F79EFBC}") = "Readinizer.Backend.Domain", "Readinizer.Backend.Domain\Readinizer.Backend.Domain.csproj", "{C84B26AA-2B13-44B3-BA9F-D967F6E73F95}"
EndProject
Project("{2150E333-8FDC-42A3-9474-1A3956D46DE8}") = "Tests", "Tests", "{A55F550B-8733-4B5A-B20E-1004AC130AA7}"
EndProject
Project("{FAE04EC0-301F-11D3-BF4B-00C04F79EFBC}") = "Readinizer.Backend.Business.Tests", "Readinizer.Backend.Business.Tests\Readinizer.Backend.Business.Tests.csproj", "{FAC461E3-8F65-4E2F-80D3-69BB1B9ABE24}"
EndProject
Global
	GlobalSection(SolutionConfigurationPlatforms) = preSolution
		Debug|Any CPU = Debug|Any CPU
		Debug|x64 = Debug|x64
		Debug|x86 = Debug|x86
		Release|Any CPU = Release|Any CPU
		Release|x64 = Release|x64
		Release|x86 = Release|x86
	EndGlobalSection
	GlobalSection(ProjectConfigurationPlatforms) = postSolution
		{7577781A-BA20-4485-83BF-511A753068D1}.Debug|Any CPU.ActiveCfg = Debug|Any CPU
		{7577781A-BA20-4485-83BF-511A753068D1}.Debug|Any CPU.Build.0 = Debug|Any CPU
		{7577781A-BA20-4485-83BF-511A753068D1}.Debug|x64.ActiveCfg = Debug|x64
		{7577781A-BA20-4485-83BF-511A753068D1}.Debug|x64.Build.0 = Debug|x64
		{7577781A-BA20-4485-83BF-511A753068D1}.Debug|x86.ActiveCfg = Debug|Any CPU
		{7577781A-BA20-4485-83BF-511A753068D1}.Debug|x86.Build.0 = Debug|Any CPU
		{7577781A-BA20-4485-83BF-511A753068D1}.Release|Any CPU.ActiveCfg = Release|Any CPU
		{7577781A-BA20-4485-83BF-511A753068D1}.Release|Any CPU.Build.0 = Release|Any CPU
		{7577781A-BA20-4485-83BF-511A753068D1}.Release|x64.ActiveCfg = Release|x64
		{7577781A-BA20-4485-83BF-511A753068D1}.Release|x64.Build.0 = Release|x64
		{7577781A-BA20-4485-83BF-511A753068D1}.Release|x86.ActiveCfg = Release|Any CPU
		{7577781A-BA20-4485-83BF-511A753068D1}.Release|x86.Build.0 = Release|Any CPU
		{51ECE65B-5658-4422-8514-E8BE27D0BD95}.Debug|Any CPU.ActiveCfg = Debug|Any CPU
		{51ECE65B-5658-4422-8514-E8BE27D0BD95}.Debug|Any CPU.Build.0 = Debug|Any CPU
		{51ECE65B-5658-4422-8514-E8BE27D0BD95}.Debug|x64.ActiveCfg = Debug|x64
		{51ECE65B-5658-4422-8514-E8BE27D0BD95}.Debug|x64.Build.0 = Debug|x64
		{51ECE65B-5658-4422-8514-E8BE27D0BD95}.Debug|x86.ActiveCfg = Debug|Any CPU
		{51ECE65B-5658-4422-8514-E8BE27D0BD95}.Debug|x86.Build.0 = Debug|Any CPU
		{51ECE65B-5658-4422-8514-E8BE27D0BD95}.Release|Any CPU.ActiveCfg = Release|Any CPU
		{51ECE65B-5658-4422-8514-E8BE27D0BD95}.Release|Any CPU.Build.0 = Release|Any CPU
		{51ECE65B-5658-4422-8514-E8BE27D0BD95}.Release|x64.ActiveCfg = Release|x64
		{51ECE65B-5658-4422-8514-E8BE27D0BD95}.Release|x64.Build.0 = Release|x64
		{51ECE65B-5658-4422-8514-E8BE27D0BD95}.Release|x86.ActiveCfg = Release|Any CPU
		{51ECE65B-5658-4422-8514-E8BE27D0BD95}.Release|x86.Build.0 = Release|Any CPU
		{EF106843-F162-460A-B2DA-8E8D6366CB49}.Debug|Any CPU.ActiveCfg = Debug|Any CPU
		{EF106843-F162-460A-B2DA-8E8D6366CB49}.Debug|Any CPU.Build.0 = Debug|Any CPU
		{EF106843-F162-460A-B2DA-8E8D6366CB49}.Debug|x64.ActiveCfg = Debug|x64
		{EF106843-F162-460A-B2DA-8E8D6366CB49}.Debug|x64.Build.0 = Debug|x64
		{EF106843-F162-460A-B2DA-8E8D6366CB49}.Debug|x86.ActiveCfg = Debug|x86
		{EF106843-F162-460A-B2DA-8E8D6366CB49}.Debug|x86.Build.0 = Debug|x86
		{EF106843-F162-460A-B2DA-8E8D6366CB49}.Release|Any CPU.ActiveCfg = Release|Any CPU
		{EF106843-F162-460A-B2DA-8E8D6366CB49}.Release|Any CPU.Build.0 = Release|Any CPU
		{EF106843-F162-460A-B2DA-8E8D6366CB49}.Release|x64.ActiveCfg = Release|x64
		{EF106843-F162-460A-B2DA-8E8D6366CB49}.Release|x64.Build.0 = Release|x64
		{EF106843-F162-460A-B2DA-8E8D6366CB49}.Release|x86.ActiveCfg = Release|x86
		{EF106843-F162-460A-B2DA-8E8D6366CB49}.Release|x86.Build.0 = Release|x86
		{C84B26AA-2B13-44B3-BA9F-D967F6E73F95}.Debug|Any CPU.ActiveCfg = Debug|Any CPU
		{C84B26AA-2B13-44B3-BA9F-D967F6E73F95}.Debug|Any CPU.Build.0 = Debug|Any CPU
		{C84B26AA-2B13-44B3-BA9F-D967F6E73F95}.Debug|x64.ActiveCfg = Debug|x64
		{C84B26AA-2B13-44B3-BA9F-D967F6E73F95}.Debug|x64.Build.0 = Debug|x64
		{C84B26AA-2B13-44B3-BA9F-D967F6E73F95}.Debug|x86.ActiveCfg = Debug|Any CPU
		{C84B26AA-2B13-44B3-BA9F-D967F6E73F95}.Debug|x86.Build.0 = Debug|Any CPU
		{C84B26AA-2B13-44B3-BA9F-D967F6E73F95}.Release|Any CPU.ActiveCfg = Release|Any CPU
		{C84B26AA-2B13-44B3-BA9F-D967F6E73F95}.Release|Any CPU.Build.0 = Release|Any CPU
		{C84B26AA-2B13-44B3-BA9F-D967F6E73F95}.Release|x64.ActiveCfg = Release|x64
		{C84B26AA-2B13-44B3-BA9F-D967F6E73F95}.Release|x64.Build.0 = Release|x64
		{C84B26AA-2B13-44B3-BA9F-D967F6E73F95}.Release|x86.ActiveCfg = Release|Any CPU
		{C84B26AA-2B13-44B3-BA9F-D967F6E73F95}.Release|x86.Build.0 = Release|Any CPU
		{FAC461E3-8F65-4E2F-80D3-69BB1B9ABE24}.Debug|Any CPU.ActiveCfg = Debug|Any CPU
		{FAC461E3-8F65-4E2F-80D3-69BB1B9ABE24}.Debug|Any CPU.Build.0 = Debug|Any CPU
		{FAC461E3-8F65-4E2F-80D3-69BB1B9ABE24}.Debug|x64.ActiveCfg = Debug|Any CPU
		{FAC461E3-8F65-4E2F-80D3-69BB1B9ABE24}.Debug|x64.Build.0 = Debug|Any CPU
		{FAC461E3-8F65-4E2F-80D3-69BB1B9ABE24}.Debug|x86.ActiveCfg = Debug|Any CPU
		{FAC461E3-8F65-4E2F-80D3-69BB1B9ABE24}.Debug|x86.Build.0 = Debug|Any CPU
		{FAC461E3-8F65-4E2F-80D3-69BB1B9ABE24}.Release|Any CPU.ActiveCfg = Release|Any CPU
		{FAC461E3-8F65-4E2F-80D3-69BB1B9ABE24}.Release|Any CPU.Build.0 = Release|Any CPU
		{FAC461E3-8F65-4E2F-80D3-69BB1B9ABE24}.Release|x64.ActiveCfg = Release|Any CPU
		{FAC461E3-8F65-4E2F-80D3-69BB1B9ABE24}.Release|x64.Build.0 = Release|Any CPU
		{FAC461E3-8F65-4E2F-80D3-69BB1B9ABE24}.Release|x86.ActiveCfg = Release|Any CPU
		{FAC461E3-8F65-4E2F-80D3-69BB1B9ABE24}.Release|x86.Build.0 = Release|Any CPU
	EndGlobalSection
	GlobalSection(SolutionProperties) = preSolution
		HideSolutionNode = FALSE
	EndGlobalSection
	GlobalSection(NestedProjects) = preSolution
		{FAC461E3-8F65-4E2F-80D3-69BB1B9ABE24} = {A55F550B-8733-4B5A-B20E-1004AC130AA7}
	EndGlobalSection
	GlobalSection(ExtensibilityGlobals) = postSolution
		SolutionGuid = {B1799179-62BD-4F7B-993A-B8C000892895}
	EndGlobalSection
EndGlobal
